
Microsoft Visual Studio Solution File, Format Version 12.00
# Visual Studio 15
VisualStudioVersion = 15.0.28307.539
MinimumVisualStudioVersion = 10.0.40219.1
Project("{FAE04EC0-301F-11D3-BF4B-00C04F79EFBC}") = "OnlineAppointment", "OnlineAppointment\OnlineAppointment.csproj", "{2D9DA000-5156-41F6-863A-E99B3C81A8F3}"
EndProject
Global
	GlobalSection(SolutionConfigurationPlatforms) = preSolution
		Debug|Any CPU = Debug|Any CPU
		Release|Any CPU = Release|Any CPU
	EndGlobalSection
	GlobalSection(ProjectConfigurationPlatforms) = postSolution
		{2D9DA000-5156-41F6-863A-E99B3C81A8F3}.Debug|Any CPU.ActiveCfg = Debug|Any CPU
		{2D9DA000-5156-41F6-863A-E99B3C81A8F3}.Debug|Any CPU.Build.0 = Debug|Any CPU
		{2D9DA000-5156-41F6-863A-E99B3C81A8F3}.Release|Any CPU.ActiveCfg = Release|Any CPU
		{2D9DA000-5156-41F6-863A-E99B3C81A8F3}.Release|Any CPU.Build.0 = Release|Any CPU
	EndGlobalSection
	GlobalSection(SolutionProperties) = preSolution
		HideSolutionNode = FALSE
	EndGlobalSection
	GlobalSection(ExtensibilityGlobals) = postSolution
		SolutionGuid = {5758E91B-7952-4943-ACBA-AF6C528B91B5}
	EndGlobalSection
EndGlobal
